
Microsoft Visual Studio Solution File, Format Version 12.00
Project("{FAE04EC0-301F-11D3-BF4B-00C04F79EFBC}") = "Genealogy.DAL", "Genealogy.DAL\Genealogy.DAL.csproj", "{B56285EF-AB7D-4A61-B8A0-D5CA1AAD93C1}"
EndProject
Project("{FAE04EC0-301F-11D3-BF4B-00C04F79EFBC}") = "Genealogy.BLL", "Genealogy.BLL\Genealogy.BLL.csproj", "{DAA47F0C-68F1-4898-A421-0B6375A4E216}"
EndProject
Project("{FAE04EC0-301F-11D3-BF4B-00C04F79EFBC}") = "Genealogy.Presentation", "Genealogy.Presentation\Genealogy.Presentation.csproj", "{3D4277ED-A841-4CA7-A3BE-F13ED6D8DA7D}"
EndProject
Global
	GlobalSection(SolutionConfigurationPlatforms) = preSolution
		Debug|Any CPU = Debug|Any CPU
		Release|Any CPU = Release|Any CPU
	EndGlobalSection
	GlobalSection(ProjectConfigurationPlatforms) = postSolution
		{B56285EF-AB7D-4A61-B8A0-D5CA1AAD93C1}.Debug|Any CPU.ActiveCfg = Debug|Any CPU
		{B56285EF-AB7D-4A61-B8A0-D5CA1AAD93C1}.Debug|Any CPU.Build.0 = Debug|Any CPU
		{B56285EF-AB7D-4A61-B8A0-D5CA1AAD93C1}.Release|Any CPU.ActiveCfg = Release|Any CPU
		{B56285EF-AB7D-4A61-B8A0-D5CA1AAD93C1}.Release|Any CPU.Build.0 = Release|Any CPU
		{DAA47F0C-68F1-4898-A421-0B6375A4E216}.Debug|Any CPU.ActiveCfg = Debug|Any CPU
		{DAA47F0C-68F1-4898-A421-0B6375A4E216}.Debug|Any CPU.Build.0 = Debug|Any CPU
		{DAA47F0C-68F1-4898-A421-0B6375A4E216}.Release|Any CPU.ActiveCfg = Release|Any CPU
		{DAA47F0C-68F1-4898-A421-0B6375A4E216}.Release|Any CPU.Build.0 = Release|Any CPU
		{3D4277ED-A841-4CA7-A3BE-F13ED6D8DA7D}.Debug|Any CPU.ActiveCfg = Debug|Any CPU
		{3D4277ED-A841-4CA7-A3BE-F13ED6D8DA7D}.Debug|Any CPU.Build.0 = Debug|Any CPU
		{3D4277ED-A841-4CA7-A3BE-F13ED6D8DA7D}.Release|Any CPU.ActiveCfg = Release|Any CPU
		{3D4277ED-A841-4CA7-A3BE-F13ED6D8DA7D}.Release|Any CPU.Build.0 = Release|Any CPU
	EndGlobalSection
EndGlobal
